
Microsoft Visual Studio Solution File, Format Version 12.00
# Visual Studio 15
VisualStudioVersion = 15.0.27004.2005
MinimumVisualStudioVersion = 10.0.40219.1
Project("{8BC9CEB8-8B4A-11D0-8D11-00A0C91BC942}") = "Project1", "Project1\Project1.vcxproj", "{5520317D-87BD-4997-9FF5-494CD203025A}"
EndProject
Global
	GlobalSection(SolutionConfigurationPlatforms) = preSolution
		Debug|x64 = Debug|x64
		Debug|x86 = Debug|x86
		Release|x64 = Release|x64
		Release|x86 = Release|x86
	EndGlobalSection
	GlobalSection(ProjectConfigurationPlatforms) = postSolution
		{5520317D-87BD-4997-9FF5-494CD203025A}.Debug|x64.ActiveCfg = Debug|x64
		{5520317D-87BD-4997-9FF5-494CD203025A}.Debug|x64.Build.0 = Debug|x64
		{5520317D-87BD-4997-9FF5-494CD203025A}.Debug|x86.ActiveCfg = Debug|Win32
		{5520317D-87BD-4997-9FF5-494CD203025A}.Debug|x86.Build.0 = Debug|Win32
		{5520317D-87BD-4997-9FF5-494CD203025A}.Release|x64.ActiveCfg = Release|x64
		{5520317D-87BD-4997-9FF5-494CD203025A}.Release|x64.Build.0 = Release|x64
		{5520317D-87BD-4997-9FF5-494CD203025A}.Release|x86.ActiveCfg = Release|Win32
		{5520317D-87BD-4997-9FF5-494CD203025A}.Release|x86.Build.0 = Release|Win32
	EndGlobalSection
	GlobalSection(SolutionProperties) = preSolution
		HideSolutionNode = FALSE
	EndGlobalSection
	GlobalSection(ExtensibilityGlobals) = postSolution
		SolutionGuid = {64EF9713-E52F-4382-9A45-4DF0E8A155FF}
	EndGlobalSection
EndGlobal
